
Microsoft Visual Studio Solution File, Format Version 12.00
# Visual Studio 15
VisualStudioVersion = 15.0.27428.2015
MinimumVisualStudioVersion = 10.0.40219.1
Project("{FAE04EC0-301F-11D3-BF4B-00C04F79EFBC}") = "TestWebAPIClientGeneration", "TestWebAPIClientGeneration\TestWebAPIClientGeneration.csproj", "{480AB35C-2713-45E2-A379-5EA3F62D292E}"
EndProject
Global
	GlobalSection(SolutionConfigurationPlatforms) = preSolution
		Debug|Any CPU = Debug|Any CPU
		Release|Any CPU = Release|Any CPU
	EndGlobalSection
	GlobalSection(ProjectConfigurationPlatforms) = postSolution
		{480AB35C-2713-45E2-A379-5EA3F62D292E}.Debug|Any CPU.ActiveCfg = Debug|Any CPU
		{480AB35C-2713-45E2-A379-5EA3F62D292E}.Debug|Any CPU.Build.0 = Debug|Any CPU
		{480AB35C-2713-45E2-A379-5EA3F62D292E}.Release|Any CPU.ActiveCfg = Release|Any CPU
		{480AB35C-2713-45E2-A379-5EA3F62D292E}.Release|Any CPU.Build.0 = Release|Any CPU
	EndGlobalSection
	GlobalSection(SolutionProperties) = preSolution
		HideSolutionNode = FALSE
	EndGlobalSection
	GlobalSection(ExtensibilityGlobals) = postSolution
		SolutionGuid = {86AF1D4E-A51E-4EFC-ACA6-CF52616DC662}
	EndGlobalSection
EndGlobal
